
Microsoft Visual Studio Solution File, Format Version 12.00
# Visual Studio Version 17
VisualStudioVersion = 17.5.002.0
MinimumVisualStudioVersion = 10.0.40219.1
Project("{9A19103F-16F7-4668-BE54-9A1E7A4F7556}") = "CsvJoiner", "CsvJoiner.csproj", "{BBD29210-27F5-4779-A92B-3023CB60A105}"
EndProject
Global
	GlobalSection(SolutionConfigurationPlatforms) = preSolution
		Debug|Any CPU = Debug|Any CPU
		Release|Any CPU = Release|Any CPU
	EndGlobalSection
	GlobalSection(ProjectConfigurationPlatforms) = postSolution
		{BBD29210-27F5-4779-A92B-3023CB60A105}.Debug|Any CPU.ActiveCfg = Debug|Any CPU
		{BBD29210-27F5-4779-A92B-3023CB60A105}.Debug|Any CPU.Build.0 = Debug|Any CPU
		{BBD29210-27F5-4779-A92B-3023CB60A105}.Release|Any CPU.ActiveCfg = Release|Any CPU
		{BBD29210-27F5-4779-A92B-3023CB60A105}.Release|Any CPU.Build.0 = Release|Any CPU
	EndGlobalSection
	GlobalSection(SolutionProperties) = preSolution
		HideSolutionNode = FALSE
	EndGlobalSection
	GlobalSection(ExtensibilityGlobals) = postSolution
		SolutionGuid = {6FADDC29-8C44-45B5-834F-AC9B690C1ED7}
	EndGlobalSection
EndGlobal
